
Microsoft Visual Studio Solution File, Format Version 11.00
# Visual Studio 2010
Project("{FAE04EC0-301F-11D3-BF4B-00C04F79EFBC}") = "SmartCampusLibrary", "SmartCampusLibrary\SmartCampusLibrary.csproj", "{C1CD666A-3FD5-4442-A4F4-280EF443D1C0}"
EndProject
Project("{FAE04EC0-301F-11D3-BF4B-00C04F79EFBC}") = "SmartCampusWebMap", "SmartCampusWebMap\SmartCampusWebMap.csproj", "{28E03846-BAA2-4D53-8928-7BAD02BC81AF}"
EndProject
Global
	GlobalSection(SolutionConfigurationPlatforms) = preSolution
		Debug|Any CPU = Debug|Any CPU
		Release|Any CPU = Release|Any CPU
	EndGlobalSection
	GlobalSection(ProjectConfigurationPlatforms) = postSolution
		{C1CD666A-3FD5-4442-A4F4-280EF443D1C0}.Debug|Any CPU.ActiveCfg = Debug|Any CPU
		{C1CD666A-3FD5-4442-A4F4-280EF443D1C0}.Debug|Any CPU.Build.0 = Debug|Any CPU
		{C1CD666A-3FD5-4442-A4F4-280EF443D1C0}.Release|Any CPU.ActiveCfg = Release|Any CPU
		{C1CD666A-3FD5-4442-A4F4-280EF443D1C0}.Release|Any CPU.Build.0 = Release|Any CPU
		{28E03846-BAA2-4D53-8928-7BAD02BC81AF}.Debug|Any CPU.ActiveCfg = Debug|Any CPU
		{28E03846-BAA2-4D53-8928-7BAD02BC81AF}.Debug|Any CPU.Build.0 = Debug|Any CPU
		{28E03846-BAA2-4D53-8928-7BAD02BC81AF}.Debug|Any CPU.Deploy.0 = Debug|Any CPU
		{28E03846-BAA2-4D53-8928-7BAD02BC81AF}.Release|Any CPU.ActiveCfg = Release|Any CPU
		{28E03846-BAA2-4D53-8928-7BAD02BC81AF}.Release|Any CPU.Build.0 = Release|Any CPU
		{28E03846-BAA2-4D53-8928-7BAD02BC81AF}.Release|Any CPU.Deploy.0 = Release|Any CPU
	EndGlobalSection
	GlobalSection(SolutionProperties) = preSolution
		HideSolutionNode = FALSE
	EndGlobalSection
EndGlobal
